
Microsoft Visual Studio Solution File, Format Version 12.00
# Visual Studio Version 17
VisualStudioVersion = 17.11.35303.130
MinimumVisualStudioVersion = 10.0.40219.1
Project("{F184B08F-C81C-45F6-A57F-5ABD9991F28F}") = "loopb", "loopb.vbproj", "{17CBFD95-A633-4DC4-ACA5-7793A5804746}"
EndProject
Global
	GlobalSection(SolutionConfigurationPlatforms) = preSolution
		Debug|Any CPU = Debug|Any CPU
		Release|Any CPU = Release|Any CPU
	EndGlobalSection
	GlobalSection(ProjectConfigurationPlatforms) = postSolution
		{17CBFD95-A633-4DC4-ACA5-7793A5804746}.Debug|Any CPU.ActiveCfg = Debug|Any CPU
		{17CBFD95-A633-4DC4-ACA5-7793A5804746}.Debug|Any CPU.Build.0 = Debug|Any CPU
		{17CBFD95-A633-4DC4-ACA5-7793A5804746}.Release|Any CPU.ActiveCfg = Release|Any CPU
		{17CBFD95-A633-4DC4-ACA5-7793A5804746}.Release|Any CPU.Build.0 = Release|Any CPU
	EndGlobalSection
	GlobalSection(SolutionProperties) = preSolution
		HideSolutionNode = FALSE
	EndGlobalSection
	GlobalSection(ExtensibilityGlobals) = postSolution
		SolutionGuid = {31CD29C9-F41D-4CE6-AE1F-4B5B35688C18}
	EndGlobalSection
EndGlobal
